// !$*UTF8*$!
{
	archiveVersion = 1;
	classes = {
	};
	objectVersion = 46;
	objects = {

/* Begin PBXBuildFile section */
		354362CE18CCCB11005A31E7 /* Foundation.framework in Frameworks */ = {isa = PBXBuildFile; fileRef = 354362CD18CCCB11005A31E7 /* Foundation.framework */; };
		354362D018CCCB11005A31E7 /* CoreGraphics.framework in Frameworks */ = {isa = PBXBuildFile; fileRef = 354362CF18CCCB11005A31E7 /* CoreGraphics.framework */; };
		354362D218CCCB11005A31E7 /* UIKit.framework in Frameworks */ = {isa = PBXBuildFile; fileRef = 354362D118CCCB11005A31E7 /* UIKit.framework */; };
		354362D818CCCB11005A31E7 /* InfoPlist.strings in Resources */ = {isa = PBXBuildFile; fileRef = 354362D618CCCB11005A31E7 /* InfoPlist.strings */; };
		354362DA18CCCB11005A31E7 /* main.m in Sources */ = {isa = PBXBuildFile; fileRef = 354362D918CCCB11005A31E7 /* main.m */; };
		354362DE18CCCB11005A31E7 /* ISAppDelegate.m in Sources */ = {isa = PBXBuildFile; fileRef = 354362DD18CCCB11005A31E7 /* ISAppDelegate.m */; };
		354362E118CCCB11005A31E7 /* Main_iPhone.storyboard in Resources */ = {isa = PBXBuildFile; fileRef = 354362DF18CCCB11005A31E7 /* Main_iPhone.storyboard */; };
		354362E418CCCB11005A31E7 /* Main_iPad.storyboard in Resources */ = {isa = PBXBuildFile; fileRef = 354362E218CCCB11005A31E7 /* Main_iPad.storyboard */; };
		354362E718CCCB11005A31E7 /* ISViewController.m in Sources */ = {isa = PBXBuildFile; fileRef = 354362E618CCCB11005A31E7 /* ISViewController.m */; };
		354362E918CCCB11005A31E7 /* Images.xcassets in Resources */ = {isa = PBXBuildFile; fileRef = 354362E818CCCB11005A31E7 /* Images.xcassets */; };
		354362F018CCCB11005A31E7 /* XCTest.framework in Frameworks */ = {isa = PBXBuildFile; fileRef = 354362EF18CCCB11005A31E7 /* XCTest.framework */; };
		354362F118CCCB11005A31E7 /* Foundation.framework in Frameworks */ = {isa = PBXBuildFile; fileRef = 354362CD18CCCB11005A31E7 /* Foundation.framework */; };
		354362F218CCCB11005A31E7 /* UIKit.framework in Frameworks */ = {isa = PBXBuildFile; fileRef = 354362D118CCCB11005A31E7 /* UIKit.framework */; };
		354362FA18CCCB11005A31E7 /* InfoPlist.strings in Resources */ = {isa = PBXBuildFile; fileRef = 354362F818CCCB11005A31E7 /* InfoPlist.strings */; };
		354362FC18CCCB11005A31E7 /* AJJieLiTests.m in Sources */ = {isa = PBXBuildFile; fileRef = 354362FB18CCCB11005A31E7 /* AJJieLiTests.m */; };
		3543630B18CCD7A3005A31E7 /* DVLogFormatter.m in Sources */ = {isa = PBXBuildFile; fileRef = 3543630A18CCD7A3005A31E7 /* DVLogFormatter.m */; };
		A442F172D2A743859743ABD7 /* libPods.a in Frameworks */ = {isa = PBXBuildFile; fileRef = D9C07BABC51640BEB00EDDBE /* libPods.a */; };
/* End PBXBuildFile section */

/* Begin PBXContainerItemProxy section */
		354362F318CCCB11005A31E7 /* PBXContainerItemProxy */ = {
			isa = PBXContainerItemProxy;
			containerPortal = 354362C218CCCB11005A31E7 /* Project object */;
			proxyType = 1;
			remoteGlobalIDString = 354362C918CCCB11005A31E7;
			remoteInfo = AJJieLi;
		};
/* End PBXContainerItemProxy section */

/* Begin PBXFileReference section */
		354362CA18CCCB11005A31E7 /* AJJieLi.app */ = {isa = PBXFileReference; explicitFileType = wrapper.application; includeInIndex = 0; path = AJJieLi.app; sourceTree = BUILT_PRODUCTS_DIR; };
		354362CD18CCCB11005A31E7 /* Foundation.framework */ = {isa = PBXFileReference; lastKnownFileType = wrapper.framework; name = Foundation.framework; path = System/Library/Frameworks/Foundation.framework; sourceTree = SDKROOT; };
		354362CF18CCCB11005A31E7 /* CoreGraphics.framework */ = {isa = PBXFileReference; lastKnownFileType = wrapper.framework; name = CoreGraphics.framework; path = System/Library/Frameworks/CoreGraphics.framework; sourceTree = SDKROOT; };
		354362D118CCCB11005A31E7 /* UIKit.framework */ = {isa = PBXFileReference; lastKnownFileType = wrapper.framework; name = UIKit.framework; path = System/Library/Frameworks/UIKit.framework; sourceTree = SDKROOT; };
		354362D518CCCB11005A31E7 /* AJJieLi-Info.plist */ = {isa = PBXFileReference; lastKnownFileType = text.plist.xml; path = "AJJieLi-Info.plist"; sourceTree = "<group>"; };
		354362D718CCCB11005A31E7 /* en */ = {isa = PBXFileReference; lastKnownFileType = text.plist.strings; name = en; path = en.lproj/InfoPlist.strings; sourceTree = "<group>"; };
		354362D918CCCB11005A31E7 /* main.m */ = {isa = PBXFileReference; lastKnownFileType = sourcecode.c.objc; path = main.m; sourceTree = "<group>"; };
		354362DB18CCCB11005A31E7 /* AJJieLi-Prefix.pch */ = {isa = PBXFileReference; lastKnownFileType = sourcecode.c.h; path = "AJJieLi-Prefix.pch"; sourceTree = "<group>"; };
		354362DC18CCCB11005A31E7 /* ISAppDelegate.h */ = {isa = PBXFileReference; lastKnownFileType = sourcecode.c.h; path = ISAppDelegate.h; sourceTree = "<group>"; };
		354362DD18CCCB11005A31E7 /* ISAppDelegate.m */ = {isa = PBXFileReference; lastKnownFileType = sourcecode.c.objc; path = ISAppDelegate.m; sourceTree = "<group>"; };
		354362E018CCCB11005A31E7 /* Base */ = {isa = PBXFileReference; lastKnownFileType = file.storyboard; name = Base; path = Base.lproj/Main_iPhone.storyboard; sourceTree = "<group>"; };
		354362E318CCCB11005A31E7 /* Base */ = {isa = PBXFileReference; lastKnownFileType = file.storyboard; name = Base; path = Base.lproj/Main_iPad.storyboard; sourceTree = "<group>"; };
		354362E518CCCB11005A31E7 /* ISViewController.h */ = {isa = PBXFileReference; lastKnownFileType = sourcecode.c.h; path = ISViewController.h; sourceTree = "<group>"; };
		354362E618CCCB11005A31E7 /* ISViewController.m */ = {isa = PBXFileReference; lastKnownFileType = sourcecode.c.objc; path = ISViewController.m; sourceTree = "<group>"; };
		354362E818CCCB11005A31E7 /* Images.xcassets */ = {isa = PBXFileReference; lastKnownFileType = folder.assetcatalog; path = Images.xcassets; sourceTree = "<group>"; };
		354362EE18CCCB11005A31E7 /* AJJieLiTests.xctest */ = {isa = PBXFileReference; explicitFileType = wrapper.cfbundle; includeInIndex = 0; path = AJJieLiTests.xctest; sourceTree = BUILT_PRODUCTS_DIR; };
		354362EF18CCCB11005A31E7 /* XCTest.framework */ = {isa = PBXFileReference; lastKnownFileType = wrapper.framework; name = XCTest.framework; path = Library/Frameworks/XCTest.framework; sourceTree = DEVELOPER_DIR; };
		354362F718CCCB11005A31E7 /* AJJieLiTests-Info.plist */ = {isa = PBXFileReference; lastKnownFileType = text.plist.xml; path = "AJJieLiTests-Info.plist"; sourceTree = "<group>"; };
		354362F918CCCB11005A31E7 /* en */ = {isa = PBXFileReference; lastKnownFileType = text.plist.strings; name = en; path = en.lproj/InfoPlist.strings; sourceTree = "<group>"; };
		354362FB18CCCB11005A31E7 /* AJJieLiTests.m */ = {isa = PBXFileReference; lastKnownFileType = sourcecode.c.objc; path = AJJieLiTests.m; sourceTree = "<group>"; };
		3543630818CCD7A3005A31E7 /* Common.h */ = {isa = PBXFileReference; fileEncoding = 4; lastKnownFileType = sourcecode.c.h; path = Common.h; sourceTree = "<group>"; };
		3543630918CCD7A3005A31E7 /* DVLogFormatter.h */ = {isa = PBXFileReference; fileEncoding = 4; lastKnownFileType = sourcecode.c.h; path = DVLogFormatter.h; sourceTree = "<group>"; };
		3543630A18CCD7A3005A31E7 /* DVLogFormatter.m */ = {isa = PBXFileReference; fileEncoding = 4; lastKnownFileType = sourcecode.c.objc; path = DVLogFormatter.m; sourceTree = "<group>"; };
		D2A989181EB6432989FCD9EC /* Pods.xcconfig */ = {isa = PBXFileReference; includeInIndex = 1; lastKnownFileType = text.xcconfig; name = Pods.xcconfig; path = Pods/Pods.xcconfig; sourceTree = "<group>"; };
		D9C07BABC51640BEB00EDDBE /* libPods.a */ = {isa = PBXFileReference; explicitFileType = archive.ar; includeInIndex = 0; path = libPods.a; sourceTree = BUILT_PRODUCTS_DIR; };
/* End PBXFileReference section */

/* Begin PBXFrameworksBuildPhase section */
		354362C718CCCB11005A31E7 /* Frameworks */ = {
			isa = PBXFrameworksBuildPhase;
			buildActionMask = 2147483647;
			files = (
				354362D018CCCB11005A31E7 /* CoreGraphics.framework in Frameworks */,
				354362D218CCCB11005A31E7 /* UIKit.framework in Frameworks */,
				354362CE18CCCB11005A31E7 /* Foundation.framework in Frameworks */,
				A442F172D2A743859743ABD7 /* libPods.a in Frameworks */,
			);
			runOnlyForDeploymentPostprocessing = 0;
		};
		354362EB18CCCB11005A31E7 /* Frameworks */ = {
			isa = PBXFrameworksBuildPhase;
			buildActionMask = 2147483647;
			files = (
				354362F018CCCB11005A31E7 /* XCTest.framework in Frameworks */,
				354362F218CCCB11005A31E7 /* UIKit.framework in Frameworks */,
				354362F118CCCB11005A31E7 /* Foundation.framework in Frameworks */,
			);
			runOnlyForDeploymentPostprocessing = 0;
		};
/* End PBXFrameworksBuildPhase section */

/* Begin PBXGroup section */
		354362C118CCCB11005A31E7 = {
			isa = PBXGroup;
			children = (
				354362D318CCCB11005A31E7 /* AJJieLi */,
				354362F518CCCB11005A31E7 /* AJJieLiTests */,
				354362CC18CCCB11005A31E7 /* Frameworks */,
				354362CB18CCCB11005A31E7 /* Products */,
				D2A989181EB6432989FCD9EC /* Pods.xcconfig */,
			);
			sourceTree = "<group>";
		};
		354362CB18CCCB11005A31E7 /* Products */ = {
			isa = PBXGroup;
			children = (
				354362CA18CCCB11005A31E7 /* AJJieLi.app */,
				354362EE18CCCB11005A31E7 /* AJJieLiTests.xctest */,
			);
			name = Products;
			sourceTree = "<group>";
		};
		354362CC18CCCB11005A31E7 /* Frameworks */ = {
			isa = PBXGroup;
			children = (
				354362CD18CCCB11005A31E7 /* Foundation.framework */,
				354362CF18CCCB11005A31E7 /* CoreGraphics.framework */,
				354362D118CCCB11005A31E7 /* UIKit.framework */,
				354362EF18CCCB11005A31E7 /* XCTest.framework */,
				D9C07BABC51640BEB00EDDBE /* libPods.a */,
			);
			name = Frameworks;
			sourceTree = "<group>";
		};
		354362D318CCCB11005A31E7 /* AJJieLi */ = {
			isa = PBXGroup;
			children = (
				3543630718CCD774005A31E7 /* Common */,
				3543630618CCD74A005A31E7 /* DataModel */,
				3543630518CCD733005A31E7 /* Storyboard */,
				354362DC18CCCB11005A31E7 /* ISAppDelegate.h */,
				354362DD18CCCB11005A31E7 /* ISAppDelegate.m */,
				354362E518CCCB11005A31E7 /* ISViewController.h */,
				354362E618CCCB11005A31E7 /* ISViewController.m */,
				354362E818CCCB11005A31E7 /* Images.xcassets */,
				354362D418CCCB11005A31E7 /* Supporting Files */,
			);
			path = AJJieLi;
			sourceTree = "<group>";
		};
		354362D418CCCB11005A31E7 /* Supporting Files */ = {
			isa = PBXGroup;
			children = (
				354362D518CCCB11005A31E7 /* AJJieLi-Info.plist */,
				354362D618CCCB11005A31E7 /* InfoPlist.strings */,
				354362D918CCCB11005A31E7 /* main.m */,
				354362DB18CCCB11005A31E7 /* AJJieLi-Prefix.pch */,
			);
			name = "Supporting Files";
			sourceTree = "<group>";
		};
		354362F518CCCB11005A31E7 /* AJJieLiTests */ = {
			isa = PBXGroup;
			children = (
				354362FB18CCCB11005A31E7 /* AJJieLiTests.m */,
				354362F618CCCB11005A31E7 /* Supporting Files */,
			);
			path = AJJieLiTests;
			sourceTree = "<group>";
		};
		354362F618CCCB11005A31E7 /* Supporting Files */ = {
			isa = PBXGroup;
			children = (
				354362F718CCCB11005A31E7 /* AJJieLiTests-Info.plist */,
				354362F818CCCB11005A31E7 /* InfoPlist.strings */,
			);
			name = "Supporting Files";
			sourceTree = "<group>";
		};
		3543630518CCD733005A31E7 /* Storyboard */ = {
			isa = PBXGroup;
			children = (
				354362DF18CCCB11005A31E7 /* Main_iPhone.storyboard */,
				354362E218CCCB11005A31E7 /* Main_iPad.storyboard */,
			);
			name = Storyboard;
			sourceTree = "<group>";
		};
		3543630618CCD74A005A31E7 /* DataModel */ = {
			isa = PBXGroup;
			children = (
			);
			name = DataModel;
			sourceTree = "<group>";
		};
		3543630718CCD774005A31E7 /* Common */ = {
			isa = PBXGroup;
			children = (
				3543630818CCD7A3005A31E7 /* Common.h */,
				3543630918CCD7A3005A31E7 /* DVLogFormatter.h */,
				3543630A18CCD7A3005A31E7 /* DVLogFormatter.m */,
			);
			name = Common;
			sourceTree = "<group>";
		};
/* End PBXGroup section */

/* Begin PBXNativeTarget section */
		354362C918CCCB11005A31E7 /* AJJieLi */ = {
			isa = PBXNativeTarget;
			buildConfigurationList = 354362FF18CCCB11005A31E7 /* Build configuration list for PBXNativeTarget "AJJieLi" */;
			buildPhases = (
				0F1079161015443A81273992 /* Check Pods Manifest.lock */,
				354362C618CCCB11005A31E7 /* Sources */,
				354362C718CCCB11005A31E7 /* Frameworks */,
				354362C818CCCB11005A31E7 /* Resources */,
				7C93EF5A29D34B28AB3C8C3E /* Copy Pods Resources */,
			);
			buildRules = (
			);
			dependencies = (
			);
			name = AJJieLi;
			productName = AJJieLi;
			productReference = 354362CA18CCCB11005A31E7 /* AJJieLi.app */;
			productType = "com.apple.product-type.application";
		};
		354362ED18CCCB11005A31E7 /* AJJieLiTests */ = {
			isa = PBXNativeTarget;
			buildConfigurationList = 3543630218CCCB11005A31E7 /* Build configuration list for PBXNativeTarget "AJJieLiTests" */;
			buildPhases = (
				354362EA18CCCB11005A31E7 /* Sources */,
				354362EB18CCCB11005A31E7 /* Frameworks */,
				354362EC18CCCB11005A31E7 /* Resources */,
			);
			buildRules = (
			);
			dependencies = (
				354362F418CCCB11005A31E7 /* PBXTargetDependency */,
			);
			name = AJJieLiTests;
			productName = AJJieLiTests;
			productReference = 354362EE18CCCB11005A31E7 /* AJJieLiTests.xctest */;
			productType = "com.apple.product-type.bundle.unit-test";
		};
/* End PBXNativeTarget section */

/* Begin PBXProject section */
		354362C218CCCB11005A31E7 /* Project object */ = {
			isa = PBXProject;
			attributes = {
				CLASSPREFIX = IS;
				LastUpgradeCheck = 0500;
				ORGANIZATIONNAME = Leon;
				TargetAttributes = {
					354362ED18CCCB11005A31E7 = {
						TestTargetID = 354362C918CCCB11005A31E7;
					};
				};
			};
			buildConfigurationList = 354362C518CCCB11005A31E7 /* Build configuration list for PBXProject "AJJieLi" */;
			compatibilityVersion = "Xcode 3.2";
			developmentRegion = English;
			hasScannedForEncodings = 0;
			knownRegions = (
				en,
				Base,
			);
			mainGroup = 354362C118CCCB11005A31E7;
			productRefGroup = 354362CB18CCCB11005A31E7 /* Products */;
			projectDirPath = "";
			projectRoot = "";
			targets = (
				354362C918CCCB11005A31E7 /* AJJieLi */,
				354362ED18CCCB11005A31E7 /* AJJieLiTests */,
			);
		};
/* End PBXProject section */

/* Begin PBXResourcesBuildPhase section */
		354362C818CCCB11005A31E7 /* Resources */ = {
			isa = PBXResourcesBuildPhase;
			buildActionMask = 2147483647;
			files = (
				354362E418CCCB11005A31E7 /* Main_iPad.storyboard in Resources */,
				354362E918CCCB11005A31E7 /* Images.xcassets in Resources */,
				354362E118CCCB11005A31E7 /* Main_iPhone.storyboard in Resources */,
				354362D818CCCB11005A31E7 /* InfoPlist.strings in Resources */,
			);
			runOnlyForDeploymentPostprocessing = 0;
		};
		354362EC18CCCB11005A31E7 /* Resources */ = {
			isa = PBXResourcesBuildPhase;
			buildActionMask = 2147483647;
			files = (
				354362FA18CCCB11005A31E7 /* InfoPlist.strings in Resources */,
			);
			runOnlyForDeploymentPostprocessing = 0;
		};
/* End PBXResourcesBuildPhase section */

/* Begin PBXShellScriptBuildPhase section */
		0F1079161015443A81273992 /* Check Pods Manifest.lock */ = {
			isa = PBXShellScriptBuildPhase;
			buildActionMask = 2147483647;
			files = (
			);
			inputPaths = (
			);
			name = "Check Pods Manifest.lock";
			outputPaths = (
			);
			runOnlyForDeploymentPostprocessing = 0;
			shellPath = /bin/sh;
			shellScript = "diff \"${PODS_ROOT}/../Podfile.lock\" \"${PODS_ROOT}/Manifest.lock\" > /dev/null\nif [[ $? != 0 ]] ; then\n    cat << EOM\nerror: The sandbox is not in sync with the Podfile.lock. Run 'pod install' or update your CocoaPods installation.\nEOM\n    exit 1\nfi\n";
			showEnvVarsInLog = 0;
		};
		7C93EF5A29D34B28AB3C8C3E /* Copy Pods Resources */ = {
			isa = PBXShellScriptBuildPhase;
			buildActionMask = 2147483647;
			files = (
			);
			inputPaths = (
			);
			name = "Copy Pods Resources";
			outputPaths = (
			);
			runOnlyForDeploymentPostprocessing = 0;
			shellPath = /bin/sh;
			shellScript = "\"${SRCROOT}/Pods/Pods-resources.sh\"\n";
			showEnvVarsInLog = 0;
		};
/* End PBXShellScriptBuildPhase section */

/* Begin PBXSourcesBuildPhase section */
		354362C618CCCB11005A31E7 /* Sources */ = {
			isa = PBXSourcesBuildPhase;
			buildActionMask = 2147483647;
			files = (
				354362DE18CCCB11005A31E7 /* ISAppDelegate.m in Sources */,
				354362DA18CCCB11005A31E7 /* main.m in Sources */,
				354362E718CCCB11005A31E7 /* ISViewController.m in Sources */,
				3543630B18CCD7A3005A31E7 /* DVLogFormatter.m in Sources */,
			);
			runOnlyForDeploymentPostprocessing = 0;
		};
		354362EA18CCCB11005A31E7 /* Sources */ = {
			isa = PBXSourcesBuildPhase;
			buildActionMask = 2147483647;
			files = (
				354362FC18CCCB11005A31E7 /* AJJieLiTests.m in Sources */,
			);
			runOnlyForDeploymentPostprocessing = 0;
		};
/* End PBXSourcesBuildPhase section */

/* Begin PBXTargetDependency section */
		354362F418CCCB11005A31E7 /* PBXTargetDependency */ = {
			isa = PBXTargetDependency;
			target = 354362C918CCCB11005A31E7 /* AJJieLi */;
			targetProxy = 354362F318CCCB11005A31E7 /* PBXContainerItemProxy */;
		};
/* End PBXTargetDependency section */

/* Begin PBXVariantGroup section */
		354362D618CCCB11005A31E7 /* InfoPlist.strings */ = {
			isa = PBXVariantGroup;
			children = (
				354362D718CCCB11005A31E7 /* en */,
			);
			name = InfoPlist.strings;
			sourceTree = "<group>";
		};
		354362DF18CCCB11005A31E7 /* Main_iPhone.storyboard */ = {
			isa = PBXVariantGroup;
			children = (
				354362E018CCCB11005A31E7 /* Base */,
			);
			name = Main_iPhone.storyboard;
			sourceTree = "<group>";
		};
		354362E218CCCB11005A31E7 /* Main_iPad.storyboard */ = {
			isa = PBXVariantGroup;
			children = (
				354362E318CCCB11005A31E7 /* Base */,
			);
			name = Main_iPad.storyboard;
			sourceTree = "<group>";
		};
		354362F818CCCB11005A31E7 /* InfoPlist.strings */ = {
			isa = PBXVariantGroup;
			children = (
				354362F918CCCB11005A31E7 /* en */,
			);
			name = InfoPlist.strings;
			sourceTree = "<group>";
		};
/* End PBXVariantGroup section */

/* Begin XCBuildConfiguration section */
		354362FD18CCCB11005A31E7 /* Debug */ = {
			isa = XCBuildConfiguration;
			buildSettings = {
				ALWAYS_SEARCH_USER_PATHS = NO;
				ARCHS = "$(ARCHS_STANDARD_INCLUDING_64_BIT)";
				CLANG_CXX_LANGUAGE_STANDARD = "gnu++0x";
				CLANG_CXX_LIBRARY = "libc++";
				CLANG_ENABLE_MODULES = YES;
				CLANG_ENABLE_OBJC_ARC = YES;
				CLANG_WARN_BOOL_CONVERSION = YES;
				CLANG_WARN_CONSTANT_CONVERSION = YES;
				CLANG_WARN_DIRECT_OBJC_ISA_USAGE = YES_ERROR;
				CLANG_WARN_EMPTY_BODY = YES;
				CLANG_WARN_ENUM_CONVERSION = YES;
				CLANG_WARN_INT_CONVERSION = YES;
				CLANG_WARN_OBJC_ROOT_CLASS = YES_ERROR;
				CLANG_WARN__DUPLICATE_METHOD_MATCH = YES;
				"CODE_SIGN_IDENTITY[sdk=iphoneos*]" = "iPhone Developer";
				COPY_PHASE_STRIP = NO;
				GCC_C_LANGUAGE_STANDARD = gnu99;
				GCC_DYNAMIC_NO_PIC = NO;
				GCC_OPTIMIZATION_LEVEL = 0;
				GCC_PREPROCESSOR_DEFINITIONS = (
					"DEBUG=1",
					"$(inherited)",
				);
				GCC_SYMBOLS_PRIVATE_EXTERN = NO;
				GCC_WARN_64_TO_32_BIT_CONVERSION = YES;
				GCC_WARN_ABOUT_RETURN_TYPE = YES_ERROR;
				GCC_WARN_UNDECLARED_SELECTOR = YES;
				GCC_WARN_UNINITIALIZED_AUTOS = YES;
				GCC_WARN_UNUSED_FUNCTION = YES;
				GCC_WARN_UNUSED_VARIABLE = YES;
				IPHONEOS_DEPLOYMENT_TARGET = 7.0;
				ONLY_ACTIVE_ARCH = YES;
				SDKROOT = iphoneos;
				TARGETED_DEVICE_FAMILY = "1,2";
			};
			name = Debug;
		};
		354362FE18CCCB11005A31E7 /* Release */ = {
			isa = XCBuildConfiguration;
			buildSettings = {
				ALWAYS_SEARCH_USER_PATHS = NO;
				ARCHS = "$(ARCHS_STANDARD_INCLUDING_64_BIT)";
				CLANG_CXX_LANGUAGE_STANDARD = "gnu++0x";
				CLANG_CXX_LIBRARY = "libc++";
				CLANG_ENABLE_MODULES = YES;
				CLANG_ENABLE_OBJC_ARC = YES;
				CLANG_WARN_BOOL_CONVERSION = YES;
				CLANG_WARN_CONSTANT_CONVERSION = YES;
				CLANG_WARN_DIRECT_OBJC_ISA_USAGE = YES_ERROR;
				CLANG_WARN_EMPTY_BODY = YES;
				CLANG_WARN_ENUM_CONVERSION = YES;
				CLANG_WARN_INT_CONVERSION = YES;
				CLANG_WARN_OBJC_ROOT_CLASS = YES_ERROR;
				CLANG_WARN__DUPLICATE_METHOD_MATCH = YES;
				"CODE_SIGN_IDENTITY[sdk=iphoneos*]" = "iPhone Developer";
				COPY_PHASE_STRIP = YES;
				ENABLE_NS_ASSERTIONS = NO;
				GCC_C_LANGUAGE_STANDARD = gnu99;
				GCC_WARN_64_TO_32_BIT_CONVERSION = YES;
				GCC_WARN_ABOUT_RETURN_TYPE = YES_ERROR;
				GCC_WARN_UNDECLARED_SELECTOR = YES;
				GCC_WARN_UNINITIALIZED_AUTOS = YES;
				GCC_WARN_UNUSED_FUNCTION = YES;
				GCC_WARN_UNUSED_VARIABLE = YES;
				IPHONEOS_DEPLOYMENT_TARGET = 7.0;
				SDKROOT = iphoneos;
				TARGETED_DEVICE_FAMILY = "1,2";
				VALIDATE_PRODUCT = YES;
			};
			name = Release;
		};
		3543630018CCCB11005A31E7 /* Debug */ = {
			isa = XCBuildConfiguration;
			baseConfigurationReference = D2A989181EB6432989FCD9EC /* Pods.xcconfig */;
			buildSettings = {
				ASSETCATALOG_COMPILER_APPICON_NAME = AppIcon;
				ASSETCATALOG_COMPILER_LAUNCHIMAGE_NAME = LaunchImage;
				GCC_PRECOMPILE_PREFIX_HEADER = YES;
				GCC_PREFIX_HEADER = "AJJieLi/AJJieLi-Prefix.pch";
				INFOPLIST_FILE = "AJJieLi/AJJieLi-Info.plist";
				PRODUCT_NAME = "$(TARGET_NAME)";
				WRAPPER_EXTENSION = app;
			};
			name = Debug;
		};
		3543630118CCCB11005A31E7 /* Release */ = {
			isa = XCBuildConfiguration;
			baseConfigurationReference = D2A989181EB6432989FCD9EC /* Pods.xcconfig */;
			buildSettings = {
				ASSETCATALOG_COMPILER_APPICON_NAME = AppIcon;
				ASSETCATALOG_COMPILER_LAUNCHIMAGE_NAME = LaunchImage;
				GCC_PRECOMPILE_PREFIX_HEADER = YES;
				GCC_PREFIX_HEADER = "AJJieLi/AJJieLi-Prefix.pch";
				INFOPLIST_FILE = "AJJieLi/AJJieLi-Info.plist";
				PRODUCT_NAME = "$(TARGET_NAME)";
				WRAPPER_EXTENSION = app;
			};
			name = Release;
		};
		3543630318CCCB11005A31E7 /* Debug */ = {
			isa = XCBuildConfiguration;
			buildSettings = {
				ARCHS = "$(ARCHS_STANDARD_INCLUDING_64_BIT)";
				BUNDLE_LOADER = "$(BUILT_PRODUCTS_DIR)/AJJieLi.app/AJJieLi";
				FRAMEWORK_SEARCH_PATHS = (
					"$(SDKROOT)/Developer/Library/Frameworks",
					"$(inherited)",
					"$(DEVELOPER_FRAMEWORKS_DIR)",
				);
				GCC_PRECOMPILE_PREFIX_HEADER = YES;
				GCC_PREFIX_HEADER = "AJJieLi/AJJieLi-Prefix.pch";
				GCC_PREPROCESSOR_DEFINITIONS = (
					"DEBUG=1",
					"$(inherited)",
				);
				INFOPLIST_FILE = "AJJieLiTests/AJJieLiTests-Info.plist";
				PRODUCT_NAME = "$(TARGET_NAME)";
				TEST_HOST = "$(BUNDLE_LOADER)";
				WRAPPER_EXTENSION = xctest;
			};
			name = Debug;
		};
		3543630418CCCB11005A31E7 /* Release */ = {
			isa = XCBuildConfiguration;
			buildSettings = {
				ARCHS = "$(ARCHS_STANDARD_INCLUDING_64_BIT)";
				BUNDLE_LOADER = "$(BUILT_PRODUCTS_DIR)/AJJieLi.app/AJJieLi";
				FRAMEWORK_SEARCH_PATHS = (
					"$(SDKROOT)/Developer/Library/Frameworks",
					"$(inherited)",
					"$(DEVELOPER_FRAMEWORKS_DIR)",
				);
				GCC_PRECOMPILE_PREFIX_HEADER = YES;
				GCC_PREFIX_HEADER = "AJJieLi/AJJieLi-Prefix.pch";
				INFOPLIST_FILE = "AJJieLiTests/AJJieLiTests-Info.plist";
				PRODUCT_NAME = "$(TARGET_NAME)";
				TEST_HOST = "$(BUNDLE_LOADER)";
				WRAPPER_EXTENSION = xctest;
			};
			name = Release;
		};
/* End XCBuildConfiguration section */

/* Begin XCConfigurationList section */
		354362C518CCCB11005A31E7 /* Build configuration list for PBXProject "AJJieLi" */ = {
			isa = XCConfigurationList;
			buildConfigurations = (
				354362FD18CCCB11005A31E7 /* Debug */,
				354362FE18CCCB11005A31E7 /* Release */,
			);
			defaultConfigurationIsVisible = 0;
			defaultConfigurationName = Release;
		};
		354362FF18CCCB11005A31E7 /* Build configuration list for PBXNativeTarget "AJJieLi" */ = {
			isa = XCConfigurationList;
			buildConfigurations = (
				3543630018CCCB11005A31E7 /* Debug */,
				3543630118CCCB11005A31E7 /* Release */,
			);
			defaultConfigurationIsVisible = 0;
			defaultConfigurationName = Release;
		};
		3543630218CCCB11005A31E7 /* Build configuration list for PBXNativeTarget "AJJieLiTests" */ = {
			isa = XCConfigurationList;
			buildConfigurations = (
				3543630318CCCB11005A31E7 /* Debug */,
				3543630418CCCB11005A31E7 /* Release */,
			);
			defaultConfigurationIsVisible = 0;
			defaultConfigurationName = Release;
		};
/* End XCConfigurationList section */
	};
	rootObject = 354362C218CCCB11005A31E7 /* Project object */;
}
